{
  "name": "file-management-project",
  "version": "1.0.0",
  "lockfileVersion": 3,
  "requires": true,
  "packages": {
    "": {
      "name": "file-management-project",
      "version": "1.0.0",
      "license": "ISC",
      "dependencies": {
        "datestimescalc-difference-calculator": "^1.0.0",
        "readline-sync": "^1.4.10"
      }
    },
    "node_modules/datestimescalc-difference-calculator": {
      "version": "1.0.0",
      "resolved": "https://registry.npmjs.org/datestimescalc-difference-calculator/-/datestimescalc-difference-calculator-1.0.0.tgz",
      "integrity": "sha512-e3BsiEwiej2T6ZgUq5foSCRRS6kXPW5mOKwGVohmQEOP4Ba0ehcLfqVr28Q1bGI2P7FHPUk6XksOpNROh7HOOg=="
    },
    "node_modules/readline-sync": {
      "version": "1.4.10",
      "resolved": "https://registry.npmjs.org/readline-sync/-/readline-sync-1.4.10.tgz",
      "integrity": "sha512-gNva8/6UAe8QYepIQH/jQ2qn91Qj0B9sYjMBBs3QOB8F2CXcKgLxQaJRP76sWVRQt+QU+8fAkCbCvjjMFu7Ycw==",
      "engines": {
        "node": ">= 0.8.0"
      }
    }
  }
}
